// !$*UTF8*$!
{
	archiveVersion = 1;
	classes = {
	};
	objectVersion = 56;
	objects = {

/* Begin PBXBuildFile section */
		2419B4B0A56BD265EEBE48F3 /* Pods_Instagram.framework in Frameworks */ = {isa = PBXBuildFile; fileRef = 212E01C27EF892F48998B7FC /* Pods_Instagram.framework */; };
		331319212BFAEF92006F4117 /* PostData.swift in Sources */ = {isa = PBXBuildFile; fileRef = 331319202BFAEF92006F4117 /* PostData.swift */; };
		331319242BFAF474006F4117 /* PostTableViewCell.swift in Sources */ = {isa = PBXBuildFile; fileRef = 331319222BFAF474006F4117 /* PostTableViewCell.swift */; };
		331319252BFAF474006F4117 /* PostTableViewCell.xib in Resources */ = {isa = PBXBuildFile; fileRef = 331319232BFAF474006F4117 /* PostTableViewCell.xib */; };
		3399644D2BF7343B00CEACAD /* Const.swift in Sources */ = {isa = PBXBuildFile; fileRef = 3399644C2BF7343B00CEACAD /* Const.swift */; };
		33C55DE42BFC5822003FB1E2 /* CommentViewController.swift in Sources */ = {isa = PBXBuildFile; fileRef = 33C55DE32BFC5822003FB1E2 /* CommentViewController.swift */; };
		33D017CD2BEDB72B00493F45 /* AppDelegate.swift in Sources */ = {isa = PBXBuildFile; fileRef = 33D017CC2BEDB72B00493F45 /* AppDelegate.swift */; };
		33D017CF2BEDB72B00493F45 /* SceneDelegate.swift in Sources */ = {isa = PBXBuildFile; fileRef = 33D017CE2BEDB72B00493F45 /* SceneDelegate.swift */; };
		33D017D42BEDB72B00493F45 /* Main.storyboard in Resources */ = {isa = PBXBuildFile; fileRef = 33D017D22BEDB72B00493F45 /* Main.storyboard */; };
		33D017D62BEDB72C00493F45 /* Assets.xcassets in Resources */ = {isa = PBXBuildFile; fileRef = 33D017D52BEDB72C00493F45 /* Assets.xcassets */; };
		33D017D92BEDB72C00493F45 /* LaunchScreen.storyboard in Resources */ = {isa = PBXBuildFile; fileRef = 33D017D72BEDB72C00493F45 /* LaunchScreen.storyboard */; };
		33D017E12BEDB7D100493F45 /* LoginViewController.swift in Sources */ = {isa = PBXBuildFile; fileRef = 33D017E02BEDB7D100493F45 /* LoginViewController.swift */; };
		33D017E32BEDB7E800493F45 /* HomeViewController.swift in Sources */ = {isa = PBXBuildFile; fileRef = 33D017E22BEDB7E800493F45 /* HomeViewController.swift */; };
		33D017E52BEDB7FA00493F45 /* ImageSelectViewController.swift in Sources */ = {isa = PBXBuildFile; fileRef = 33D017E42BEDB7FA00493F45 /* ImageSelectViewController.swift */; };
		33D017E72BEDB81200493F45 /* PostViewController.swift in Sources */ = {isa = PBXBuildFile; fileRef = 33D017E62BEDB81200493F45 /* PostViewController.swift */; };
		33D017E92BEDB82200493F45 /* SettingViewController.swift in Sources */ = {isa = PBXBuildFile; fileRef = 33D017E82BEDB82200493F45 /* SettingViewController.swift */; };
		33D017EB2BEDBC8300493F45 /* TabBarController.swift in Sources */ = {isa = PBXBuildFile; fileRef = 33D017EA2BEDBC8300493F45 /* TabBarController.swift */; };
		33D017ED2BEDD54F00493F45 /* GoogleService-Info.plist in Resources */ = {isa = PBXBuildFile; fileRef = 33D017EC2BEDD54E00493F45 /* GoogleService-Info.plist */; };
/* End PBXBuildFile section */

/* Begin PBXFileReference section */
		0AE019D29D30E47E17540047 /* Pods-Instagram.release.xcconfig */ = {isa = PBXFileReference; includeInIndex = 1; lastKnownFileType = text.xcconfig; name = "Pods-Instagram.release.xcconfig"; path = "Target Support Files/Pods-Instagram/Pods-Instagram.release.xcconfig"; sourceTree = "<group>"; };
		212E01C27EF892F48998B7FC /* Pods_Instagram.framework */ = {isa = PBXFileReference; explicitFileType = wrapper.framework; includeInIndex = 0; path = Pods_Instagram.framework; sourceTree = BUILT_PRODUCTS_DIR; };
		331319202BFAEF92006F4117 /* PostData.swift */ = {isa = PBXFileReference; lastKnownFileType = sourcecode.swift; path = PostData.swift; sourceTree = "<group>"; };
		331319222BFAF474006F4117 /* PostTableViewCell.swift */ = {isa = PBXFileReference; lastKnownFileType = sourcecode.swift; path = PostTableViewCell.swift; sourceTree = "<group>"; };
		331319232BFAF474006F4117 /* PostTableViewCell.xib */ = {isa = PBXFileReference; lastKnownFileType = file.xib; path = PostTableViewCell.xib; sourceTree = "<group>"; };
		3399644C2BF7343B00CEACAD /* Const.swift */ = {isa = PBXFileReference; lastKnownFileType = sourcecode.swift; path = Const.swift; sourceTree = "<group>"; };
		33C55DE32BFC5822003FB1E2 /* CommentViewController.swift */ = {isa = PBXFileReference; lastKnownFileType = sourcecode.swift; path = CommentViewController.swift; sourceTree = "<group>"; };
		33D017C92BEDB72B00493F45 /* Instagram.app */ = {isa = PBXFileReference; explicitFileType = wrapper.application; includeInIndex = 0; path = Instagram.app; sourceTree = BUILT_PRODUCTS_DIR; };
		33D017CC2BEDB72B00493F45 /* AppDelegate.swift */ = {isa = PBXFileReference; lastKnownFileType = sourcecode.swift; path = AppDelegate.swift; sourceTree = "<group>"; };
		33D017CE2BEDB72B00493F45 /* SceneDelegate.swift */ = {isa = PBXFileReference; lastKnownFileType = sourcecode.swift; path = SceneDelegate.swift; sourceTree = "<group>"; };
		33D017D32BEDB72B00493F45 /* Base */ = {isa = PBXFileReference; lastKnownFileType = file.storyboard; name = Base; path = Base.lproj/Main.storyboard; sourceTree = "<group>"; };
		33D017D52BEDB72C00493F45 /* Assets.xcassets */ = {isa = PBXFileReference; lastKnownFileType = folder.assetcatalog; path = Assets.xcassets; sourceTree = "<group>"; };
		33D017D82BEDB72C00493F45 /* Base */ = {isa = PBXFileReference; lastKnownFileType = file.storyboard; name = Base; path = Base.lproj/LaunchScreen.storyboard; sourceTree = "<group>"; };
		33D017DA2BEDB72C00493F45 /* Info.plist */ = {isa = PBXFileReference; lastKnownFileType = text.plist.xml; path = Info.plist; sourceTree = "<group>"; };
		33D017E02BEDB7D100493F45 /* LoginViewController.swift */ = {isa = PBXFileReference; lastKnownFileType = sourcecode.swift; path = LoginViewController.swift; sourceTree = "<group>"; };
		33D017E22BEDB7E800493F45 /* HomeViewController.swift */ = {isa = PBXFileReference; lastKnownFileType = sourcecode.swift; path = HomeViewController.swift; sourceTree = "<group>"; };
		33D017E42BEDB7FA00493F45 /* ImageSelectViewController.swift */ = {isa = PBXFileReference; lastKnownFileType = sourcecode.swift; path = ImageSelectViewController.swift; sourceTree = "<group>"; };
		33D017E62BEDB81200493F45 /* PostViewController.swift */ = {isa = PBXFileReference; lastKnownFileType = sourcecode.swift; path = PostViewController.swift; sourceTree = "<group>"; };
		33D017E82BEDB82200493F45 /* SettingViewController.swift */ = {isa = PBXFileReference; lastKnownFileType = sourcecode.swift; path = SettingViewController.swift; sourceTree = "<group>"; };
		33D017EA2BEDBC8300493F45 /* TabBarController.swift */ = {isa = PBXFileReference; lastKnownFileType = sourcecode.swift; path = TabBarController.swift; sourceTree = "<group>"; };
		33D017EC2BEDD54E00493F45 /* GoogleService-Info.plist */ = {isa = PBXFileReference; fileEncoding = 4; lastKnownFileType = text.plist.xml; path = "GoogleService-Info.plist"; sourceTree = "<group>"; };
		EC86DE2B7C66871E77181358 /* Pods-Instagram.debug.xcconfig */ = {isa = PBXFileReference; includeInIndex = 1; lastKnownFileType = text.xcconfig; name = "Pods-Instagram.debug.xcconfig"; path = "Target Support Files/Pods-Instagram/Pods-Instagram.debug.xcconfig"; sourceTree = "<group>"; };
/* End PBXFileReference section */

/* Begin PBXFrameworksBuildPhase section */
		33D017C62BEDB72B00493F45 /* Frameworks */ = {
			isa = PBXFrameworksBuildPhase;
			buildActionMask = 2147483647;
			files = (
				2419B4B0A56BD265EEBE48F3 /* Pods_Instagram.framework in Frameworks */,
			);
			runOnlyForDeploymentPostprocessing = 0;
		};
/* End PBXFrameworksBuildPhase section */

/* Begin PBXGroup section */
		33D017C02BEDB72B00493F45 = {
			isa = PBXGroup;
			children = (
				33D017CB2BEDB72B00493F45 /* Instagram */,
				33D017CA2BEDB72B00493F45 /* Products */,
				C4285D0A93EB2ED61881CA85 /* Pods */,
				748170FE97266E4AF33A8358 /* Frameworks */,
			);
			sourceTree = "<group>";
		};
		33D017CA2BEDB72B00493F45 /* Products */ = {
			isa = PBXGroup;
			children = (
				33D017C92BEDB72B00493F45 /* Instagram.app */,
			);
			name = Products;
			sourceTree = "<group>";
		};
		33D017CB2BEDB72B00493F45 /* Instagram */ = {
			isa = PBXGroup;
			children = (
				33D017CC2BEDB72B00493F45 /* AppDelegate.swift */,
				33D017CE2BEDB72B00493F45 /* SceneDelegate.swift */,
				33D017E02BEDB7D100493F45 /* LoginViewController.swift */,
				33D017E22BEDB7E800493F45 /* HomeViewController.swift */,
				33D017E42BEDB7FA00493F45 /* ImageSelectViewController.swift */,
				33D017E62BEDB81200493F45 /* PostViewController.swift */,
				33D017E82BEDB82200493F45 /* SettingViewController.swift */,
				33D017EA2BEDBC8300493F45 /* TabBarController.swift */,
				3399644C2BF7343B00CEACAD /* Const.swift */,
				331319202BFAEF92006F4117 /* PostData.swift */,
				331319222BFAF474006F4117 /* PostTableViewCell.swift */,
				331319232BFAF474006F4117 /* PostTableViewCell.xib */,
				33C55DE32BFC5822003FB1E2 /* CommentViewController.swift */,
				33D017D22BEDB72B00493F45 /* Main.storyboard */,
				33D017D52BEDB72C00493F45 /* Assets.xcassets */,
				33D017D72BEDB72C00493F45 /* LaunchScreen.storyboard */,
				33D017DA2BEDB72C00493F45 /* Info.plist */,
				33D017EC2BEDD54E00493F45 /* GoogleService-Info.plist */,
			);
			path = Instagram;
			sourceTree = "<group>";
		};
		748170FE97266E4AF33A8358 /* Frameworks */ = {
			isa = PBXGroup;
			children = (
				212E01C27EF892F48998B7FC /* Pods_Instagram.framework */,
			);
			name = Frameworks;
			sourceTree = "<group>";
		};
		C4285D0A93EB2ED61881CA85 /* Pods */ = {
			isa = PBXGroup;
			children = (
				EC86DE2B7C66871E77181358 /* Pods-Instagram.debug.xcconfig */,
				0AE019D29D30E47E17540047 /* Pods-Instagram.release.xcconfig */,
			);
			path = Pods;
			sourceTree = "<group>";
		};
/* End PBXGroup section */

/* Begin PBXNativeTarget section */
		33D017C82BEDB72B00493F45 /* Instagram */ = {
			isa = PBXNativeTarget;
			buildConfigurationList = 33D017DD2BEDB72C00493F45 /* Build configuration list for PBXNativeTarget "Instagram" */;
			buildPhases = (
				A9DDE7836A1F1372C3519FAD /* [CP] Check Pods Manifest.lock */,
				33D017C52BEDB72B00493F45 /* Sources */,
				33D017C62BEDB72B00493F45 /* Frameworks */,
				33D017C72BEDB72B00493F45 /* Resources */,
				BB7933C42CBBA224F0C46769 /* [CP] Embed Pods Frameworks */,
			);
			buildRules = (
			);
			dependencies = (
			);
			name = Instagram;
			productName = Instagram;
			productReference = 33D017C92BEDB72B00493F45 /* Instagram.app */;
			productType = "com.apple.product-type.application";
		};
/* End PBXNativeTarget section */

/* Begin PBXProject section */
		33D017C12BEDB72B00493F45 /* Project object */ = {
			isa = PBXProject;
			attributes = {
				BuildIndependentTargetsInParallel = 1;
				LastSwiftUpdateCheck = 1510;
				LastUpgradeCheck = 1510;
				TargetAttributes = {
					33D017C82BEDB72B00493F45 = {
						CreatedOnToolsVersion = 15.1;
					};
				};
			};
			buildConfigurationList = 33D017C42BEDB72B00493F45 /* Build configuration list for PBXProject "Instagram" */;
			compatibilityVersion = "Xcode 14.0";
			developmentRegion = en;
			hasScannedForEncodings = 0;
			knownRegions = (
				en,
				Base,
			);
			mainGroup = 33D017C02BEDB72B00493F45;
			productRefGroup = 33D017CA2BEDB72B00493F45 /* Products */;
			projectDirPath = "";
			projectRoot = "";
			targets = (
				33D017C82BEDB72B00493F45 /* Instagram */,
			);
		};
/* End PBXProject section */

/* Begin PBXResourcesBuildPhase section */
		33D017C72BEDB72B00493F45 /* Resources */ = {
			isa = PBXResourcesBuildPhase;
			buildActionMask = 2147483647;
			files = (
				33D017D92BEDB72C00493F45 /* LaunchScreen.storyboard in Resources */,
				331319252BFAF474006F4117 /* PostTableViewCell.xib in Resources */,
				33D017ED2BEDD54F00493F45 /* GoogleService-Info.plist in Resources */,
				33D017D62BEDB72C00493F45 /* Assets.xcassets in Resources */,
				33D017D42BEDB72B00493F45 /* Main.storyboard in Resources */,
			);
			runOnlyForDeploymentPostprocessing = 0;
		};
/* End PBXResourcesBuildPhase section */

/* Begin PBXShellScriptBuildPhase section */
		A9DDE7836A1F1372C3519FAD /* [CP] Check Pods Manifest.lock */ = {
			isa = PBXShellScriptBuildPhase;
			buildActionMask = 2147483647;
			files = (
			);
			inputFileListPaths = (
			);
			inputPaths = (
				"${PODS_PODFILE_DIR_PATH}/Podfile.lock",
				"${PODS_ROOT}/Manifest.lock",
			);
			name = "[CP] Check Pods Manifest.lock";
			outputFileListPaths = (
			);
			outputPaths = (
				"$(DERIVED_FILE_DIR)/Pods-Instagram-checkManifestLockResult.txt",
			);
			runOnlyForDeploymentPostprocessing = 0;
			shellPath = /bin/sh;
			shellScript = "diff \"${PODS_PODFILE_DIR_PATH}/Podfile.lock\" \"${PODS_ROOT}/Manifest.lock\" > /dev/null\nif [ $? != 0 ] ; then\n    # print error to STDERR\n    echo \"error: The sandbox is not in sync with the Podfile.lock. Run 'pod install' or update your CocoaPods installation.\" >&2\n    exit 1\nfi\n# This output is used by Xcode 'outputs' to avoid re-running this script phase.\necho \"SUCCESS\" > \"${SCRIPT_OUTPUT_FILE_0}\"\n";
			showEnvVarsInLog = 0;
		};
		BB7933C42CBBA224F0C46769 /* [CP] Embed Pods Frameworks */ = {
			isa = PBXShellScriptBuildPhase;
			buildActionMask = 2147483647;
			files = (
			);
			inputFileListPaths = (
				"${PODS_ROOT}/Target Support Files/Pods-Instagram/Pods-Instagram-frameworks-${CONFIGURATION}-input-files.xcfilelist",
			);
			name = "[CP] Embed Pods Frameworks";
			outputFileListPaths = (
				"${PODS_ROOT}/Target Support Files/Pods-Instagram/Pods-Instagram-frameworks-${CONFIGURATION}-output-files.xcfilelist",
			);
			runOnlyForDeploymentPostprocessing = 0;
			shellPath = /bin/sh;
			shellScript = "\"${PODS_ROOT}/Target Support Files/Pods-Instagram/Pods-Instagram-frameworks.sh\"\n";
			showEnvVarsInLog = 0;
		};
/* End PBXShellScriptBuildPhase section */

/* Begin PBXSourcesBuildPhase section */
		33D017C52BEDB72B00493F45 /* Sources */ = {
			isa = PBXSourcesBuildPhase;
			buildActionMask = 2147483647;
			files = (
				331319242BFAF474006F4117 /* PostTableViewCell.swift in Sources */,
				33D017E52BEDB7FA00493F45 /* ImageSelectViewController.swift in Sources */,
				33D017EB2BEDBC8300493F45 /* TabBarController.swift in Sources */,
				33D017E32BEDB7E800493F45 /* HomeViewController.swift in Sources */,
				33D017E72BEDB81200493F45 /* PostViewController.swift in Sources */,
				33D017E92BEDB82200493F45 /* SettingViewController.swift in Sources */,
				331319212BFAEF92006F4117 /* PostData.swift in Sources */,
				33D017E12BEDB7D100493F45 /* LoginViewController.swift in Sources */,
				33C55DE42BFC5822003FB1E2 /* CommentViewController.swift in Sources */,
				33D017CD2BEDB72B00493F45 /* AppDelegate.swift in Sources */,
				33D017CF2BEDB72B00493F45 /* SceneDelegate.swift in Sources */,
				3399644D2BF7343B00CEACAD /* Const.swift in Sources */,
			);
			runOnlyForDeploymentPostprocessing = 0;
		};
/* End PBXSourcesBuildPhase section */

/* Begin PBXVariantGroup section */
		33D017D22BEDB72B00493F45 /* Main.storyboard */ = {
			isa = PBXVariantGroup;
			children = (
				33D017D32BEDB72B00493F45 /* Base */,
			);
			name = Main.storyboard;
			sourceTree = "<group>";
		};
		33D017D72BEDB72C00493F45 /* LaunchScreen.storyboard */ = {
			isa = PBXVariantGroup;
			children = (
				33D017D82BEDB72C00493F45 /* Base */,
			);
			name = LaunchScreen.storyboard;
			sourceTree = "<group>";
		};
/* End PBXVariantGroup section */

/* Begin XCBuildConfiguration section */
		33D017DB2BEDB72C00493F45 /* Debug */ = {
			isa = XCBuildConfiguration;
			buildSettings = {
				ALWAYS_SEARCH_USER_PATHS = NO;
				ASSETCATALOG_COMPILER_GENERATE_SWIFT_ASSET_SYMBOL_EXTENSIONS = YES;
				CLANG_ANALYZER_NONNULL = YES;
				CLANG_ANALYZER_NUMBER_OBJECT_CONVERSION = YES_AGGRESSIVE;
				CLANG_CXX_LANGUAGE_STANDARD = "gnu++20";
				CLANG_ENABLE_MODULES = YES;
				CLANG_ENABLE_OBJC_ARC = YES;
				CLANG_ENABLE_OBJC_WEAK = YES;
				CLANG_WARN_BLOCK_CAPTURE_AUTORELEASING = YES;
				CLANG_WARN_BOOL_CONVERSION = YES;
				CLANG_WARN_COMMA = YES;
				CLANG_WARN_CONSTANT_CONVERSION = YES;
				CLANG_WARN_DEPRECATED_OBJC_IMPLEMENTATIONS = YES;
				CLANG_WARN_DIRECT_OBJC_ISA_USAGE = YES_ERROR;
				CLANG_WARN_DOCUMENTATION_COMMENTS = YES;
				CLANG_WARN_EMPTY_BODY = YES;
				CLANG_WARN_ENUM_CONVERSION = YES;
				CLANG_WARN_INFINITE_RECURSION = YES;
				CLANG_WARN_INT_CONVERSION = YES;
				CLANG_WARN_NON_LITERAL_NULL_CONVERSION = YES;
				CLANG_WARN_OBJC_IMPLICIT_RETAIN_SELF = YES;
				CLANG_WARN_OBJC_LITERAL_CONVERSION = YES;
				CLANG_WARN_OBJC_ROOT_CLASS = YES_ERROR;
				CLANG_WARN_QUOTED_INCLUDE_IN_FRAMEWORK_HEADER = YES;
				CLANG_WARN_RANGE_LOOP_ANALYSIS = YES;
				CLANG_WARN_STRICT_PROTOTYPES = YES;
				CLANG_WARN_SUSPICIOUS_MOVE = YES;
				CLANG_WARN_UNGUARDED_AVAILABILITY = YES_AGGRESSIVE;
				CLANG_WARN_UNREACHABLE_CODE = YES;
				CLANG_WARN__DUPLICATE_METHOD_MATCH = YES;
				COPY_PHASE_STRIP = NO;
				DEBUG_INFORMATION_FORMAT = dwarf;
				ENABLE_STRICT_OBJC_MSGSEND = YES;
				ENABLE_TESTABILITY = YES;
				ENABLE_USER_SCRIPT_SANDBOXING = NO;
				GCC_C_LANGUAGE_STANDARD = gnu17;
				GCC_DYNAMIC_NO_PIC = NO;
				GCC_NO_COMMON_BLOCKS = YES;
				GCC_OPTIMIZATION_LEVEL = 0;
				GCC_PREPROCESSOR_DEFINITIONS = (
					"DEBUG=1",
					"$(inherited)",
				);
				GCC_WARN_64_TO_32_BIT_CONVERSION = YES;
				GCC_WARN_ABOUT_RETURN_TYPE = YES_ERROR;
				GCC_WARN_UNDECLARED_SELECTOR = YES;
				GCC_WARN_UNINITIALIZED_AUTOS = YES_AGGRESSIVE;
				GCC_WARN_UNUSED_FUNCTION = YES;
				GCC_WARN_UNUSED_VARIABLE = YES;
				IPHONEOS_DEPLOYMENT_TARGET = 17.2;
				LOCALIZATION_PREFERS_STRING_CATALOGS = YES;
				MTL_ENABLE_DEBUG_INFO = INCLUDE_SOURCE;
				MTL_FAST_MATH = YES;
				ONLY_ACTIVE_ARCH = YES;
				SDKROOT = iphoneos;
				SWIFT_ACTIVE_COMPILATION_CONDITIONS = "DEBUG $(inherited)";
				SWIFT_OPTIMIZATION_LEVEL = "-Onone";
			};
			name = Debug;
		};
		33D017DC2BEDB72C00493F45 /* Release */ = {
			isa = XCBuildConfiguration;
			buildSettings = {
				ALWAYS_SEARCH_USER_PATHS = NO;
				ASSETCATALOG_COMPILER_GENERATE_SWIFT_ASSET_SYMBOL_EXTENSIONS = YES;
				CLANG_ANALYZER_NONNULL = YES;
				CLANG_ANALYZER_NUMBER_OBJECT_CONVERSION = YES_AGGRESSIVE;
				CLANG_CXX_LANGUAGE_STANDARD = "gnu++20";
				CLANG_ENABLE_MODULES = YES;
				CLANG_ENABLE_OBJC_ARC = YES;
				CLANG_ENABLE_OBJC_WEAK = YES;
				CLANG_WARN_BLOCK_CAPTURE_AUTORELEASING = YES;
				CLANG_WARN_BOOL_CONVERSION = YES;
				CLANG_WARN_COMMA = YES;
				CLANG_WARN_CONSTANT_CONVERSION = YES;
				CLANG_WARN_DEPRECATED_OBJC_IMPLEMENTATIONS = YES;
				CLANG_WARN_DIRECT_OBJC_ISA_USAGE = YES_ERROR;
				CLANG_WARN_DOCUMENTATION_COMMENTS = YES;
				CLANG_WARN_EMPTY_BODY = YES;
				CLANG_WARN_ENUM_CONVERSION = YES;
				CLANG_WARN_INFINITE_RECURSION = YES;
				CLANG_WARN_INT_CONVERSION = YES;
				CLANG_WARN_NON_LITERAL_NULL_CONVERSION = YES;
				CLANG_WARN_OBJC_IMPLICIT_RETAIN_SELF = YES;
				CLANG_WARN_OBJC_LITERAL_CONVERSION = YES;
				CLANG_WARN_OBJC_ROOT_CLASS = YES_ERROR;
				CLANG_WARN_QUOTED_INCLUDE_IN_FRAMEWORK_HEADER = YES;
				CLANG_WARN_RANGE_LOOP_ANALYSIS = YES;
				CLANG_WARN_STRICT_PROTOTYPES = YES;
				CLANG_WARN_SUSPICIOUS_MOVE = YES;
				CLANG_WARN_UNGUARDED_AVAILABILITY = YES_AGGRESSIVE;
				CLANG_WARN_UNREACHABLE_CODE = YES;
				CLANG_WARN__DUPLICATE_METHOD_MATCH = YES;
				COPY_PHASE_STRIP = NO;
				DEBUG_INFORMATION_FORMAT = "dwarf-with-dsym";
				ENABLE_NS_ASSERTIONS = NO;
				ENABLE_STRICT_OBJC_MSGSEND = YES;
				ENABLE_USER_SCRIPT_SANDBOXING = NO;
				GCC_C_LANGUAGE_STANDARD = gnu17;
				GCC_NO_COMMON_BLOCKS = YES;
				GCC_WARN_64_TO_32_BIT_CONVERSION = YES;
				GCC_WARN_ABOUT_RETURN_TYPE = YES_ERROR;
				GCC_WARN_UNDECLARED_SELECTOR = YES;
				GCC_WARN_UNINITIALIZED_AUTOS = YES_AGGRESSIVE;
				GCC_WARN_UNUSED_FUNCTION = YES;
				GCC_WARN_UNUSED_VARIABLE = YES;
				IPHONEOS_DEPLOYMENT_TARGET = 17.2;
				LOCALIZATION_PREFERS_STRING_CATALOGS = YES;
				MTL_ENABLE_DEBUG_INFO = NO;
				MTL_FAST_MATH = YES;
				SDKROOT = iphoneos;
				SWIFT_COMPILATION_MODE = wholemodule;
				VALIDATE_PRODUCT = YES;
			};
			name = Release;
		};
		33D017DE2BEDB72C00493F45 /* Debug */ = {
			isa = XCBuildConfiguration;
			baseConfigurationReference = EC86DE2B7C66871E77181358 /* Pods-Instagram.debug.xcconfig */;
			buildSettings = {
				ASSETCATALOG_COMPILER_APPICON_NAME = AppIcon;
				ASSETCATALOG_COMPILER_GLOBAL_ACCENT_COLOR_NAME = AccentColor;
				CODE_SIGN_STYLE = Automatic;
				CURRENT_PROJECT_VERSION = 1;
				DEVELOPMENT_TEAM = VG3Y2WDAQ8;
				GENERATE_INFOPLIST_FILE = YES;
				INFOPLIST_FILE = Instagram/Info.plist;
				INFOPLIST_KEY_NSCameraUsageDescription = "本アプリは、画像の投稿及び編集のため、カメラの使用許可を求めます。";
				INFOPLIST_KEY_UIApplicationSupportsIndirectInputEvents = YES;
				INFOPLIST_KEY_UILaunchStoryboardName = LaunchScreen;
				INFOPLIST_KEY_UIMainStoryboardFile = Main;
				INFOPLIST_KEY_UISupportedInterfaceOrientations = UIInterfaceOrientationPortrait;
				INFOPLIST_KEY_UISupportedInterfaceOrientations_iPad = "UIInterfaceOrientationLandscapeLeft UIInterfaceOrientationLandscapeRight UIInterfaceOrientationPortrait UIInterfaceOrientationPortraitUpsideDown";
				LD_RUNPATH_SEARCH_PATHS = (
					"$(inherited)",
					"@executable_path/Frameworks",
				);
				MARKETING_VERSION = 1.0;
				PRODUCT_BUNDLE_IDENTIFIER = jp.techacademy.naoya.shimizu.Instagram;
				PRODUCT_NAME = "$(TARGET_NAME)";
				SUPPORTED_PLATFORMS = "iphoneos iphonesimulator";
				SUPPORTS_MACCATALYST = NO;
				SUPPORTS_MAC_DESIGNED_FOR_IPHONE_IPAD = NO;
				SWIFT_EMIT_LOC_STRINGS = YES;
				SWIFT_VERSION = 5.0;
				TARGETED_DEVICE_FAMILY = 1;
			};
			name = Debug;
		};
		33D017DF2BEDB72C00493F45 /* Release */ = {
			isa = XCBuildConfiguration;
			baseConfigurationReference = 0AE019D29D30E47E17540047 /* Pods-Instagram.release.xcconfig */;
			buildSettings = {
				ASSETCATALOG_COMPILER_APPICON_NAME = AppIcon;
				ASSETCATALOG_COMPILER_GLOBAL_ACCENT_COLOR_NAME = AccentColor;
				CODE_SIGN_STYLE = Automatic;
				CURRENT_PROJECT_VERSION = 1;
				DEVELOPMENT_TEAM = VG3Y2WDAQ8;
				GENERATE_INFOPLIST_FILE = YES;
				INFOPLIST_FILE = Instagram/Info.plist;
				INFOPLIST_KEY_NSCameraUsageDescription = "本アプリは、画像の投稿及び編集のため、カメラの使用許可を求めます。";
				INFOPLIST_KEY_UIApplicationSupportsIndirectInputEvents = YES;
				INFOPLIST_KEY_UILaunchStoryboardName = LaunchScreen;
				INFOPLIST_KEY_UIMainStoryboardFile = Main;
				INFOPLIST_KEY_UISupportedInterfaceOrientations = UIInterfaceOrientationPortrait;
				INFOPLIST_KEY_UISupportedInterfaceOrientations_iPad = "UIInterfaceOrientationLandscapeLeft UIInterfaceOrientationLandscapeRight UIInterfaceOrientationPortrait UIInterfaceOrientationPortraitUpsideDown";
				LD_RUNPATH_SEARCH_PATHS = (
					"$(inherited)",
					"@executable_path/Frameworks",
				);
				MARKETING_VERSION = 1.0;
				PRODUCT_BUNDLE_IDENTIFIER = jp.techacademy.naoya.shimizu.Instagram;
				PRODUCT_NAME = "$(TARGET_NAME)";
				SUPPORTED_PLATFORMS = "iphoneos iphonesimulator";
				SUPPORTS_MACCATALYST = NO;
				SUPPORTS_MAC_DESIGNED_FOR_IPHONE_IPAD = NO;
				SWIFT_EMIT_LOC_STRINGS = YES;
				SWIFT_VERSION = 5.0;
				TARGETED_DEVICE_FAMILY = 1;
			};
			name = Release;
		};
/* End XCBuildConfiguration section */

/* Begin XCConfigurationList section */
		33D017C42BEDB72B00493F45 /* Build configuration list for PBXProject "Instagram" */ = {
			isa = XCConfigurationList;
			buildConfigurations = (
				33D017DB2BEDB72C00493F45 /* Debug */,
				33D017DC2BEDB72C00493F45 /* Release */,
			);
			defaultConfigurationIsVisible = 0;
			defaultConfigurationName = Release;
		};
		33D017DD2BEDB72C00493F45 /* Build configuration list for PBXNativeTarget "Instagram" */ = {
			isa = XCConfigurationList;
			buildConfigurations = (
				33D017DE2BEDB72C00493F45 /* Debug */,
				33D017DF2BEDB72C00493F45 /* Release */,
			);
			defaultConfigurationIsVisible = 0;
			defaultConfigurationName = Release;
		};
/* End XCConfigurationList section */
	};
	rootObject = 33D017C12BEDB72B00493F45 /* Project object */;
}
